{
    "_readme": [
        "Generated by innobrain/soak-time. Records package integrity evidence",
        "for every version installed into this project. Commit alongside composer.lock.",
        "A mismatch against recorded hashes, source references, or canonical URLs",
        "hard-fails the run \u2014 the signal of an altered historical release."
    ],
    "_version": 2,
    "packages": {
        "brick/math": {
            "0.18.0": {
                "sha256": "6ed7b8668630df853aad5b8249932d351120829bf88d58f86ef4d1a4c32c9b2a",
                "sourceReference": "82944324d1c1bdb2c2618e89978d4e2ad78d69ad",
                "sourceUrl": "https://github.com/brick/math.git",
                "distUrl": "https://api.github.com/repos/brick/math/zipball/82944324d1c1bdb2c2618e89978d4e2ad78d69ad",
                "firstSeenAt": "2026-07-26T14:44:56+00:00"
            }
        },
        "guzzlehttp/guzzle": {
            "7.15.1": {
                "sha256": "b848d662b9995850c3bcba00ceff4f01d85b4f68fe0e6480778e52b0f62ece0d",
                "sourceReference": "61443dfb33c62f308ee8add20f45b4d6e4bf8d2f",
                "sourceUrl": "https://github.com/guzzle/guzzle.git",
                "distUrl": "https://api.github.com/repos/guzzle/guzzle/zipball/61443dfb33c62f308ee8add20f45b4d6e4bf8d2f",
                "firstSeenAt": "2026-07-26T14:44:56+00:00"
            }
        },
        "guzzlehttp/promises": {
            "2.5.1": {
                "sha256": "284f05836b78e76f113a4f55820a496cd642b1bfe210c7ddf6abeca24b6ebe05",
                "sourceReference": "9ad1e4fc607446a055b95870c7f668e93b5cff29",
                "sourceUrl": "https://github.com/guzzle/promises.git",
                "distUrl": "https://api.github.com/repos/guzzle/promises/zipball/9ad1e4fc607446a055b95870c7f668e93b5cff29",
                "firstSeenAt": "2026-07-26T14:44:56+00:00"
            }
        },
        "guzzlehttp/psr7": {
            "2.13.0": {
                "sha256": "289c718b6e720686e087aab89e97f3f573df14a9bce27c661a8e7e788d6ffa9e",
                "sourceReference": "dad89620b7a6edb60c15858442eb2e408b45d8f4",
                "sourceUrl": "https://github.com/guzzle/psr7.git",
                "distUrl": "https://api.github.com/repos/guzzle/psr7/zipball/dad89620b7a6edb60c15858442eb2e408b45d8f4",
                "firstSeenAt": "2026-07-26T14:44:56+00:00"
            }
        },
        "guzzlehttp/uri-template": {
            "v1.0.10": {
                "sha256": "26df3edac170f22d0978291e09c60a521d5abc4250b2ed9512bd11e91d143d70",
                "sourceReference": "f6c24c21f42b990e9a58912b332d0874df6ba839",
                "sourceUrl": "https://github.com/guzzle/uri-template.git",
                "distUrl": "https://api.github.com/repos/guzzle/uri-template/zipball/f6c24c21f42b990e9a58912b332d0874df6ba839",
                "firstSeenAt": "2026-07-26T14:44:56+00:00"
            }
        },
        "laravel/framework": {
            "v13.20.0": {
                "sha256": "b778a6ffaff9f6f01df566685d503ddaf69e2494d75b3e42723274888a3c4203",
                "sourceReference": "b9d1bccad5fbc32578dca22566bb11e7c0e545d7",
                "sourceUrl": "https://github.com/laravel/framework.git",
                "distUrl": "https://api.github.com/repos/laravel/framework/zipball/b9d1bccad5fbc32578dca22566bb11e7c0e545d7",
                "firstSeenAt": "2026-07-26T14:44:57+00:00"
            }
        },
        "laravel/prompts": {
            "v0.3.21": {
                "sha256": "a6cb21307836fa7a9cb7d76446164d4e7b1f0ded2611e4fe843dedbae9a12947",
                "sourceReference": "7753c65c281c2550c7c183f14e18062073b7d821",
                "sourceUrl": "https://github.com/laravel/prompts.git",
                "distUrl": "https://api.github.com/repos/laravel/prompts/zipball/7753c65c281c2550c7c183f14e18062073b7d821",
                "firstSeenAt": "2026-07-26T14:44:56+00:00"
            }
        },
        "league/commonmark": {
            "2.8.3": {
                "sha256": "0a2ca015622ea42d4d341b74e9eddf295d2a4114621191a121ba67e54ab44df0",
                "sourceReference": "1902f60f984235023acbe03db6ad614a37b3c3e7",
                "sourceUrl": "https://github.com/thephpleague/commonmark.git",
                "distUrl": "https://api.github.com/repos/thephpleague/commonmark/zipball/1902f60f984235023acbe03db6ad614a37b3c3e7",
                "firstSeenAt": "2026-07-26T14:44:56+00:00"
            }
        },
        "league/flysystem": {
            "3.35.2": {
                "sha256": "cbde9320deddd665c97984534c08d250f8289e51a964a7ecadf573095d439d6e",
                "sourceReference": "b277b5dc3d56650b68904117124e79c851e12376",
                "sourceUrl": "https://github.com/thephpleague/flysystem.git",
                "distUrl": "https://api.github.com/repos/thephpleague/flysystem/zipball/b277b5dc3d56650b68904117124e79c851e12376",
                "firstSeenAt": "2026-07-26T14:44:56+00:00"
            }
        },
        "league/mime-type-detection": {
            "1.17.0": {
                "sha256": "660321223c2dc58b27e4d038f5bc54da98ca862d096c725735696ba1ea4f8905",
                "sourceReference": "f5f47eff7c48ed1003069a2ca67f316fb4021c76",
                "sourceUrl": "https://github.com/thephpleague/mime-type-detection.git",
                "distUrl": "https://api.github.com/repos/thephpleague/mime-type-detection/zipball/f5f47eff7c48ed1003069a2ca67f316fb4021c76",
                "firstSeenAt": "2026-07-26T14:44:56+00:00"
            }
        },
        "nesbot/carbon": {
            "3.13.1": {
                "sha256": "07ca1863dfec955c682070c0be29bf45fa3939e834e7284aebfcf739fb89a9b6",
                "sourceReference": "2937ad3d1d2c506fd2bc97d571438a95641f44e2",
                "sourceUrl": "https://github.com/CarbonPHP/carbon.git",
                "distUrl": "https://api.github.com/repos/CarbonPHP/carbon/zipball/2937ad3d1d2c506fd2bc97d571438a95641f44e2",
                "firstSeenAt": "2026-07-26T14:44:56+00:00"
            }
        },
        "nette/utils": {
            "v4.1.5": {
                "sha256": "cd6ada1b928633b667634ed2b84c2ebec1d0da1ae77e6eb5ec63805e3dce3a7d",
                "sourceReference": "b043439dbdf954e6c28b5ea7e34b0100f83165e0",
                "sourceUrl": "https://github.com/nette/utils.git",
                "distUrl": "https://api.github.com/repos/nette/utils/zipball/b043439dbdf954e6c28b5ea7e34b0100f83165e0",
                "firstSeenAt": "2026-07-26T14:44:56+00:00"
            }
        },
        "ramsey/uuid": {
            "4.9.3": {
                "sha256": "71d718c3530ed9e2d6526198b562ced882b9e547ffd5a24ef9c5aeb67d174c25",
                "sourceReference": "1df15849d00943a67d677dc9cfd80795f038c9f8",
                "sourceUrl": "https://github.com/ramsey/uuid.git",
                "distUrl": "https://api.github.com/repos/ramsey/uuid/zipball/1df15849d00943a67d677dc9cfd80795f038c9f8",
                "firstSeenAt": "2026-07-26T14:44:56+00:00"
            }
        },
        "symfony/console": {
            "v8.1.1": {
                "sha256": "09bb1aca125c7b1e8372e76a6eaa9a5519e14bfd150e8606ac552e721d8b49d2",
                "sourceReference": "b711a8ab808b6c074c6b8caef70d0fd8d6b6d07d",
                "sourceUrl": "https://github.com/symfony/console.git",
                "distUrl": "https://api.github.com/repos/symfony/console/zipball/b711a8ab808b6c074c6b8caef70d0fd8d6b6d07d",
                "firstSeenAt": "2026-07-26T14:44:57+00:00"
            }
        },
        "symfony/deprecation-contracts": {
            "v3.7.1": {
                "sha256": "3d91410609aa4f579406a4908e2960155fc3efd6c643884869f875aa73f9687d",
                "sourceReference": "f3202fa1b5097b0af062dc978b32ecf63404e31d",
                "sourceUrl": "https://github.com/symfony/deprecation-contracts.git",
                "distUrl": "https://api.github.com/repos/symfony/deprecation-contracts/zipball/f3202fa1b5097b0af062dc978b32ecf63404e31d",
                "firstSeenAt": "2026-07-26T14:44:56+00:00"
            }
        },
        "symfony/event-dispatcher": {
            "v8.1.1": {
                "sha256": "479eee202d583a6da24660f62d9c8e6bd1c841f8091aa868ddf527383b1fc16a",
                "sourceReference": "abd6c11dc468725d1627302ad10f6cd486e9e3d0",
                "sourceUrl": "https://github.com/symfony/event-dispatcher.git",
                "distUrl": "https://api.github.com/repos/symfony/event-dispatcher/zipball/abd6c11dc468725d1627302ad10f6cd486e9e3d0",
                "firstSeenAt": "2026-07-26T14:44:56+00:00"
            }
        },
        "symfony/event-dispatcher-contracts": {
            "v3.7.1": {
                "sha256": "cd447f381c65803dbd3fdc94146b2f4c88f921e783ad3a12feb14417d54b7b6d",
                "sourceReference": "c7de7a00ffb67842132da02ea92988a39ccd9f4e",
                "sourceUrl": "https://github.com/symfony/event-dispatcher-contracts.git",
                "distUrl": "https://api.github.com/repos/symfony/event-dispatcher-contracts/zipball/c7de7a00ffb67842132da02ea92988a39ccd9f4e",
                "firstSeenAt": "2026-07-26T14:44:56+00:00"
            }
        },
        "symfony/finder": {
            "v8.1.1": {
                "sha256": "320b943fc9dba94cf84e51704f77658f3d9f4c3383f90c0e11beaac753154e82",
                "sourceReference": "e2989e762c70f9490fa3a00a0ac0fae5aa97a531",
                "sourceUrl": "https://github.com/symfony/finder.git",
                "distUrl": "https://api.github.com/repos/symfony/finder/zipball/e2989e762c70f9490fa3a00a0ac0fae5aa97a531",
                "firstSeenAt": "2026-07-26T14:44:56+00:00"
            }
        },
        "symfony/http-foundation": {
            "v8.1.1": {
                "sha256": "d8086324949c10330df5d2da77eccf6ff71a5e2a475434b357f72d4ce8bf66ef",
                "sourceReference": "6a168c8fcee806b57ac020244da14293d1f9a883",
                "sourceUrl": "https://github.com/symfony/http-foundation.git",
                "distUrl": "https://api.github.com/repos/symfony/http-foundation/zipball/6a168c8fcee806b57ac020244da14293d1f9a883",
                "firstSeenAt": "2026-07-26T14:44:56+00:00"
            }
        },
        "symfony/http-kernel": {
            "v8.1.1": {
                "sha256": "bddf44600eb4edd3136c75d2baf87b50fa438b185d1d40dd213a8b9ef8f363c8",
                "sourceReference": "89d8d6e7fbab3d9eda89ccb5ecdf44a74c4ec9d2",
                "sourceUrl": "https://github.com/symfony/http-kernel.git",
                "distUrl": "https://api.github.com/repos/symfony/http-kernel/zipball/89d8d6e7fbab3d9eda89ccb5ecdf44a74c4ec9d2",
                "firstSeenAt": "2026-07-26T14:44:57+00:00"
            }
        },
        "symfony/mailer": {
            "v8.1.1": {
                "sha256": "3fa1d724a09404967150c0dbe4f9076cd771f515043ca1775030b9d5133836d7",
                "sourceReference": "4fa583a7377f28d54e4de442fba76375b2e20a12",
                "sourceUrl": "https://github.com/symfony/mailer.git",
                "distUrl": "https://api.github.com/repos/symfony/mailer/zipball/4fa583a7377f28d54e4de442fba76375b2e20a12",
                "firstSeenAt": "2026-07-26T14:44:57+00:00"
            }
        },
        "symfony/service-contracts": {
            "v3.7.1": {
                "sha256": "b09bbb37d2b358cc2075dde62fea7cccaf8c4c4a3d5848812504e6bc44035afa",
                "sourceReference": "c0a284bab1ed8aa0417e3d69250ab437739563a0",
                "sourceUrl": "https://github.com/symfony/service-contracts.git",
                "distUrl": "https://api.github.com/repos/symfony/service-contracts/zipball/c0a284bab1ed8aa0417e3d69250ab437739563a0",
                "firstSeenAt": "2026-07-26T14:44:56+00:00"
            }
        },
        "symfony/translation": {
            "v8.1.1": {
                "sha256": "6f4ea8899e347a72a680a9648accd5c0b8fa0636ffbcbdd7f96218b775609458",
                "sourceReference": "342b4218630dc2cf284cedcb2080c80b13404014",
                "sourceUrl": "https://github.com/symfony/translation.git",
                "distUrl": "https://api.github.com/repos/symfony/translation/zipball/342b4218630dc2cf284cedcb2080c80b13404014",
                "firstSeenAt": "2026-07-26T14:44:56+00:00"
            }
        },
        "symfony/translation-contracts": {
            "v3.7.1": {
                "sha256": "a56c767440ea61bf22d16b2bc8102b1cf07c635da7a47bc809b4d4699a741820",
                "sourceReference": "ccb206b98faccc511ebae8e5fad50f2dc0b30621",
                "sourceUrl": "https://github.com/symfony/translation-contracts.git",
                "distUrl": "https://api.github.com/repos/symfony/translation-contracts/zipball/ccb206b98faccc511ebae8e5fad50f2dc0b30621",
                "firstSeenAt": "2026-07-26T14:44:56+00:00"
            }
        },
        "symfony/var-dumper": {
            "v8.1.1": {
                "sha256": "6c4d3a060b1163a99c60df1c2b5cfdb3280dce07adf771f82015585cccbaf8cf",
                "sourceReference": "40096a2515a979f3125c5c928603995b8664c62a",
                "sourceUrl": "https://github.com/symfony/var-dumper.git",
                "distUrl": "https://api.github.com/repos/symfony/var-dumper/zipball/40096a2515a979f3125c5c928603995b8664c62a",
                "firstSeenAt": "2026-07-26T14:44:57+00:00"
            }
        },
        "vlucas/phpdotenv": {
            "v5.6.4": {
                "sha256": "b7e80d4c48c697394a5b7ea599d0c5ca9913c3d8ca4e69e3cdb4dac75a9357ad",
                "sourceReference": "416df702837983f8d5ff48c9c3fee4f5f57b980b",
                "sourceUrl": "https://github.com/vlucas/phpdotenv.git",
                "distUrl": "https://api.github.com/repos/vlucas/phpdotenv/zipball/416df702837983f8d5ff48c9c3fee4f5f57b980b",
                "firstSeenAt": "2026-07-26T14:44:56+00:00"
            }
        },
        "webmozart/assert": {
            "2.4.1": {
                "sha256": "5bb34f22839b658e60e80e32f7dffb3ae06b1eb8574b985386d4e504883dbbb4",
                "sourceReference": "2ccb7c2e821038c03a3e6e1700c570c158c55f70",
                "sourceUrl": "https://github.com/webmozarts/assert.git",
                "distUrl": "https://api.github.com/repos/webmozarts/assert/zipball/2ccb7c2e821038c03a3e6e1700c570c158c55f70",
                "firstSeenAt": "2026-07-26T14:44:56+00:00"
            }
        }
    }
}
